
Microsoft Visual Studio Solution File, Format Version 12.00
# Visual Studio 2012
Project("{FAE04EC0-301F-11D3-BF4B-00C04F79EFBC}") = "SmartLinker", "SmartLinker.csproj", "{23888CDA-2207-4631-9464-1DAAFA4495BD}"
EndProject
Global
	GlobalSection(SolutionConfigurationPlatforms) = preSolution
		Debug|Any CPU = Debug|Any CPU
		Release|Any CPU = Release|Any CPU
	EndGlobalSection
	GlobalSection(ProjectConfigurationPlatforms) = postSolution
		{23888CDA-2207-4631-9464-1DAAFA4495BD}.Debug|Any CPU.ActiveCfg = Debug|Any CPU
		{23888CDA-2207-4631-9464-1DAAFA4495BD}.Debug|Any CPU.Build.0 = Debug|Any CPU
		{23888CDA-2207-4631-9464-1DAAFA4495BD}.Release|Any CPU.ActiveCfg = Release|Any CPU
		{23888CDA-2207-4631-9464-1DAAFA4495BD}.Release|Any CPU.Build.0 = Release|Any CPU
	EndGlobalSection
EndGlobal
